{
  "name": "esprima-csv",
  "version": "0.12.2",
  "lockfileVersion": 1,
  "requires": true,
  "dependencies": {
    "ansicolor": {
      "version": "1.1.84",
      "resolved": "https://registry.npmjs.org/ansicolor/-/ansicolor-1.1.84.tgz",
      "integrity": "sha512-UVGP0KH+z+cqbLXya4ZrSAWcGqwKQOlLGx4vva4DYpI8zxolnb3uhmVxuMOc0yJM3LeLfoJrYp7+x2DVa/oerA=="
    },
    "commander": {
      "version": "3.0.2",
      "resolved": "https://registry.npmjs.org/commander/-/commander-3.0.2.tgz",
      "integrity": "sha512-Gar0ASD4BDyKC4hl4DwHqDrmvjoxWKZigVnAbn5H1owvm4CxCPdb0HQDehwNYMJpla5+M2tPmPARzhtYuwpHow=="
    },
    "esprima": {
      "version": "4.0.1",
      "resolved": "https://registry.npmjs.org/esprima/-/esprima-4.0.1.tgz",
      "integrity": "sha512-eGuFFw7Upda+g4p+QHvnW0RyTX/SVeJBDM/gCtMARO0cLuT2HcEKnTPvhjV6aGeqrCB/sbNop0Kszm0jsaWU4A=="
    }
  }
}
